
Microsoft Visual Studio Solution File, Format Version 12.00
# Visual Studio Version 16
VisualStudioVersion = 16.0.31624.102
MinimumVisualStudioVersion = 10.0.40219.1
Project("{FAE04EC0-301F-11D3-BF4B-00C04F79EFBC}") = "Lab-1", "Lab-1\Lab-1.csproj", "{FEDAD1CE-142A-467D-BAD4-4C28A01F2B1D}"
EndProject
Global
	GlobalSection(SolutionConfigurationPlatforms) = preSolution
		Debug|Any CPU = Debug|Any CPU
		Release|Any CPU = Release|Any CPU
	EndGlobalSection
	GlobalSection(ProjectConfigurationPlatforms) = postSolution
		{FEDAD1CE-142A-467D-BAD4-4C28A01F2B1D}.Debug|Any CPU.ActiveCfg = Debug|Any CPU
		{FEDAD1CE-142A-467D-BAD4-4C28A01F2B1D}.Debug|Any CPU.Build.0 = Debug|Any CPU
		{FEDAD1CE-142A-467D-BAD4-4C28A01F2B1D}.Release|Any CPU.ActiveCfg = Release|Any CPU
		{FEDAD1CE-142A-467D-BAD4-4C28A01F2B1D}.Release|Any CPU.Build.0 = Release|Any CPU
	EndGlobalSection
	GlobalSection(SolutionProperties) = preSolution
		HideSolutionNode = FALSE
	EndGlobalSection
	GlobalSection(ExtensibilityGlobals) = postSolution
		SolutionGuid = {B44CB3D4-4C50-4E08-B4E9-5ADC39E950B8}
	EndGlobalSection
EndGlobal
